Microsoft Visual Studio Solution File, Format Version 12.00
# Visual Studio 2012
Project("{FAE04EC0-301F-11D3-BF4B-00C04F79EFBC}") = "GmodPMPlus", "GmodPMPlus.csproj", "{CD005A55-7F05-4E45-B4AD-2AD48A364692}"
EndProject
Global
	GlobalSection(SolutionConfigurationPlatforms) = preSolution
	Debug|Any CPU = Debug|Any CPU
	ExportDebug|Any CPU = ExportDebug|Any CPU
	ExportRelease|Any CPU = ExportRelease|Any CPU
	EndGlobalSection
	GlobalSection(ProjectConfigurationPlatforms) = postSolution
		{CD005A55-7F05-4E45-B4AD-2AD48A364692}.Debug|Any CPU.ActiveCfg = Debug|Any CPU
		{CD005A55-7F05-4E45-B4AD-2AD48A364692}.Debug|Any CPU.Build.0 = Debug|Any CPU
		{CD005A55-7F05-4E45-B4AD-2AD48A364692}.ExportDebug|Any CPU.ActiveCfg = ExportDebug|Any CPU
		{CD005A55-7F05-4E45-B4AD-2AD48A364692}.ExportDebug|Any CPU.Build.0 = ExportDebug|Any CPU
		{CD005A55-7F05-4E45-B4AD-2AD48A364692}.ExportRelease|Any CPU.ActiveCfg = ExportRelease|Any CPU
		{CD005A55-7F05-4E45-B4AD-2AD48A364692}.ExportRelease|Any CPU.Build.0 = ExportRelease|Any CPU
	EndGlobalSection
EndGlobal
